// !$*UTF8*$!
{
	archiveVersion = 1;
	classes = {
	};
	objectVersion = 55;
	objects = {

/* Begin PBXBuildFile section */
		0183674A27BC4DA400D0D948 /* GoogleService-Info.plist in Resources */ = {isa = PBXBuildFile; fileRef = 0183674927BC4DA400D0D948 /* GoogleService-Info.plist */; };
		01921F6227B8503C0095F049 /* MovieDetailModel.swift in Sources */ = {isa = PBXBuildFile; fileRef = 01921F6127B8503C0095F049 /* MovieDetailModel.swift */; };
		01921F6427B865AB0095F049 /* LoadingView.swift in Sources */ = {isa = PBXBuildFile; fileRef = 01921F6327B865AB0095F049 /* LoadingView.swift */; };
		01921F6627B865D30095F049 /* Extensions.swift in Sources */ = {isa = PBXBuildFile; fileRef = 01921F6527B865D30095F049 /* Extensions.swift */; };
		01921F6827B8670C0095F049 /* 33-video-cam.json in Resources */ = {isa = PBXBuildFile; fileRef = 01921F6727B8670C0095F049 /* 33-video-cam.json */; };
		01921F6D27B867DA0095F049 /* MainScreenViewModel.swift in Sources */ = {isa = PBXBuildFile; fileRef = 01921F6C27B867DA0095F049 /* MainScreenViewModel.swift */; };
		01921F6F27B868300095F049 /* MainScreenViewController.swift in Sources */ = {isa = PBXBuildFile; fileRef = 01921F6E27B868300095F049 /* MainScreenViewController.swift */; };
		01921F7127B86FCB0095F049 /* DetailScreenViewController.swift in Sources */ = {isa = PBXBuildFile; fileRef = 01921F7027B86FCB0095F049 /* DetailScreenViewController.swift */; };
		01921F7327B870690095F049 /* DetailScreenViewModel.swift in Sources */ = {isa = PBXBuildFile; fileRef = 01921F7227B870690095F049 /* DetailScreenViewModel.swift */; };
		01921F7627B871190095F049 /* MainScreenTableViewCell.swift in Sources */ = {isa = PBXBuildFile; fileRef = 01921F7427B871190095F049 /* MainScreenTableViewCell.swift */; };
		01921F7727B871190095F049 /* MainScreenTableViewCell.xib in Resources */ = {isa = PBXBuildFile; fileRef = 01921F7527B871190095F049 /* MainScreenTableViewCell.xib */; };
		01AE06F827B9513B0002792E /* MovieDetailCollectionViewCell.swift in Sources */ = {isa = PBXBuildFile; fileRef = 01AE06F627B9513B0002792E /* MovieDetailCollectionViewCell.swift */; };
		01AE06F927B9513B0002792E /* MovieDetailCollectionViewCell.xib in Resources */ = {isa = PBXBuildFile; fileRef = 01AE06F727B9513B0002792E /* MovieDetailCollectionViewCell.xib */; };
		01E1BDF027B82A46003CA19E /* AppDelegate.swift in Sources */ = {isa = PBXBuildFile; fileRef = 01E1BDEF27B82A46003CA19E /* AppDelegate.swift */; };
		01E1BDF227B82A46003CA19E /* SceneDelegate.swift in Sources */ = {isa = PBXBuildFile; fileRef = 01E1BDF127B82A46003CA19E /* SceneDelegate.swift */; };
		01E1BDF727B82A46003CA19E /* Main.storyboard in Resources */ = {isa = PBXBuildFile; fileRef = 01E1BDF527B82A46003CA19E /* Main.storyboard */; };
		01E1BDF927B82A48003CA19E /* Assets.xcassets in Resources */ = {isa = PBXBuildFile; fileRef = 01E1BDF827B82A48003CA19E /* Assets.xcassets */; };
		01E1BDFC27B82A48003CA19E /* LaunchScreen.storyboard in Resources */ = {isa = PBXBuildFile; fileRef = 01E1BDFA27B82A48003CA19E /* LaunchScreen.storyboard */; };
		01E1BE0427B82F6D003CA19E /* WebService.swift in Sources */ = {isa = PBXBuildFile; fileRef = 01E1BE0327B82F6D003CA19E /* WebService.swift */; };
		01E1BE0627B831C2003CA19E /* MainScreenModels.swift in Sources */ = {isa = PBXBuildFile; fileRef = 01E1BE0527B831C2003CA19E /* MainScreenModels.swift */; };
		A3FE1142B8F0D03BA7E528DC /* Pods_MovieDB.framework in Frameworks */ = {isa = PBXBuildFile; fileRef = 86F94B33C6EF117F8DEED264 /* Pods_MovieDB.framework */; };
/* End PBXBuildFile section */

/* Begin PBXFileReference section */
		0183674927BC4DA400D0D948 /* GoogleService-Info.plist */ = {isa = PBXFileReference; fileEncoding = 4; lastKnownFileType = text.plist.xml; path = "GoogleService-Info.plist"; sourceTree = "<group>"; };
		01921F6127B8503C0095F049 /* MovieDetailModel.swift */ = {isa = PBXFileReference; lastKnownFileType = sourcecode.swift; path = MovieDetailModel.swift; sourceTree = "<group>"; };
		01921F6327B865AB0095F049 /* LoadingView.swift */ = {isa = PBXFileReference; lastKnownFileType = sourcecode.swift; path = LoadingView.swift; sourceTree = "<group>"; };
		01921F6527B865D30095F049 /* Extensions.swift */ = {isa = PBXFileReference; lastKnownFileType = sourcecode.swift; path = Extensions.swift; sourceTree = "<group>"; };
		01921F6727B8670C0095F049 /* 33-video-cam.json */ = {isa = PBXFileReference; fileEncoding = 4; lastKnownFileType = text.json; path = "33-video-cam.json"; sourceTree = "<group>"; };
		01921F6C27B867DA0095F049 /* MainScreenViewModel.swift */ = {isa = PBXFileReference; lastKnownFileType = sourcecode.swift; path = MainScreenViewModel.swift; sourceTree = "<group>"; };
		01921F6E27B868300095F049 /* MainScreenViewController.swift */ = {isa = PBXFileReference; lastKnownFileType = sourcecode.swift; path = MainScreenViewController.swift; sourceTree = "<group>"; };
		01921F7027B86FCB0095F049 /* DetailScreenViewController.swift */ = {isa = PBXFileReference; lastKnownFileType = sourcecode.swift; path = DetailScreenViewController.swift; sourceTree = "<group>"; };
		01921F7227B870690095F049 /* DetailScreenViewModel.swift */ = {isa = PBXFileReference; lastKnownFileType = sourcecode.swift; path = DetailScreenViewModel.swift; sourceTree = "<group>"; };
		01921F7427B871190095F049 /* MainScreenTableViewCell.swift */ = {isa = PBXFileReference; lastKnownFileType = sourcecode.swift; path = MainScreenTableViewCell.swift; sourceTree = "<group>"; };
		01921F7527B871190095F049 /* MainScreenTableViewCell.xib */ = {isa = PBXFileReference; lastKnownFileType = file.xib; path = MainScreenTableViewCell.xib; sourceTree = "<group>"; };
		01AE06F627B9513B0002792E /* MovieDetailCollectionViewCell.swift */ = {isa = PBXFileReference; lastKnownFileType = sourcecode.swift; path = MovieDetailCollectionViewCell.swift; sourceTree = "<group>"; };
		01AE06F727B9513B0002792E /* MovieDetailCollectionViewCell.xib */ = {isa = PBXFileReference; lastKnownFileType = file.xib; path = MovieDetailCollectionViewCell.xib; sourceTree = "<group>"; };
		01E1BDEC27B82A46003CA19E /* MovieDB.app */ = {isa = PBXFileReference; explicitFileType = wrapper.application; includeInIndex = 0; path = MovieDB.app; sourceTree = BUILT_PRODUCTS_DIR; };
		01E1BDEF27B82A46003CA19E /* AppDelegate.swift */ = {isa = PBXFileReference; lastKnownFileType = sourcecode.swift; path = AppDelegate.swift; sourceTree = "<group>"; };
		01E1BDF127B82A46003CA19E /* SceneDelegate.swift */ = {isa = PBXFileReference; lastKnownFileType = sourcecode.swift; path = SceneDelegate.swift; sourceTree = "<group>"; };
		01E1BDF627B82A46003CA19E /* Base */ = {isa = PBXFileReference; lastKnownFileType = file.storyboard; name = Base; path = Base.lproj/Main.storyboard; sourceTree = "<group>"; };
		01E1BDF827B82A48003CA19E /* Assets.xcassets */ = {isa = PBXFileReference; lastKnownFileType = folder.assetcatalog; path = Assets.xcassets; sourceTree = "<group>"; };
		01E1BDFB27B82A48003CA19E /* Base */ = {isa = PBXFileReference; lastKnownFileType = file.storyboard; name = Base; path = Base.lproj/LaunchScreen.storyboard; sourceTree = "<group>"; };
		01E1BDFD27B82A48003CA19E /* Info.plist */ = {isa = PBXFileReference; lastKnownFileType = text.plist.xml; path = Info.plist; sourceTree = "<group>"; };
		01E1BE0327B82F6D003CA19E /* WebService.swift */ = {isa = PBXFileReference; lastKnownFileType = sourcecode.swift; path = WebService.swift; sourceTree = "<group>"; };
		01E1BE0527B831C2003CA19E /* MainScreenModels.swift */ = {isa = PBXFileReference; lastKnownFileType = sourcecode.swift; path = MainScreenModels.swift; sourceTree = "<group>"; };
		7F713C0CBD32400F8D287A62 /* Pods-MovieDB.release.xcconfig */ = {isa = PBXFileReference; includeInIndex = 1; lastKnownFileType = text.xcconfig; name = "Pods-MovieDB.release.xcconfig"; path = "Target Support Files/Pods-MovieDB/Pods-MovieDB.release.xcconfig"; sourceTree = "<group>"; };
		86F94B33C6EF117F8DEED264 /* Pods_MovieDB.framework */ = {isa = PBXFileReference; explicitFileType = wrapper.framework; includeInIndex = 0; path = Pods_MovieDB.framework; sourceTree = BUILT_PRODUCTS_DIR; };
		9D49FF99A0B9897651AEB69C /* Pods-MovieDB.debug.xcconfig */ = {isa = PBXFileReference; includeInIndex = 1; lastKnownFileType = text.xcconfig; name = "Pods-MovieDB.debug.xcconfig"; path = "Target Support Files/Pods-MovieDB/Pods-MovieDB.debug.xcconfig"; sourceTree = "<group>"; };
/* End PBXFileReference section */

/* Begin PBXFrameworksBuildPhase section */
		01E1BDE927B82A46003CA19E /* Frameworks */ = {
			isa = PBXFrameworksBuildPhase;
			buildActionMask = 2147483647;
			files = (
				A3FE1142B8F0D03BA7E528DC /* Pods_MovieDB.framework in Frameworks */,
			);
			runOnlyForDeploymentPostprocessing = 0;
		};
/* End PBXFrameworksBuildPhase section */

/* Begin PBXGroup section */
		01921F6927B867950095F049 /* Helpers */ = {
			isa = PBXGroup;
			children = (
				01921F6327B865AB0095F049 /* LoadingView.swift */,
				01921F6727B8670C0095F049 /* 33-video-cam.json */,
				01921F6527B865D30095F049 /* Extensions.swift */,
			);
			path = Helpers;
			sourceTree = "<group>";
		};
		01921F6A27B867A70095F049 /* MainScreen */ = {
			isa = PBXGroup;
			children = (
				01E1BE0527B831C2003CA19E /* MainScreenModels.swift */,
				01921F6C27B867DA0095F049 /* MainScreenViewModel.swift */,
				01921F6E27B868300095F049 /* MainScreenViewController.swift */,
				01921F7827B8711F0095F049 /* MainScreenTableViewCell */,
			);
			path = MainScreen;
			sourceTree = "<group>";
		};
		01921F6B27B867B40095F049 /* MovieDetail */ = {
			isa = PBXGroup;
			children = (
				01921F6127B8503C0095F049 /* MovieDetailModel.swift */,
				01921F7027B86FCB0095F049 /* DetailScreenViewController.swift */,
				01921F7227B870690095F049 /* DetailScreenViewModel.swift */,
				01AE06FA27B951440002792E /* SimilarMoviesCollectionView */,
			);
			path = MovieDetail;
			sourceTree = "<group>";
		};
		01921F7827B8711F0095F049 /* MainScreenTableViewCell */ = {
			isa = PBXGroup;
			children = (
				01921F7427B871190095F049 /* MainScreenTableViewCell.swift */,
				01921F7527B871190095F049 /* MainScreenTableViewCell.xib */,
			);
			path = MainScreenTableViewCell;
			sourceTree = "<group>";
		};
		01AE06F527B94C2A0002792E /* Views */ = {
			isa = PBXGroup;
			children = (
				01E1BDF527B82A46003CA19E /* Main.storyboard */,
				01E1BDFA27B82A48003CA19E /* LaunchScreen.storyboard */,
			);
			path = Views;
			sourceTree = "<group>";
		};
		01AE06FA27B951440002792E /* SimilarMoviesCollectionView */ = {
			isa = PBXGroup;
			children = (
				01AE06F627B9513B0002792E /* MovieDetailCollectionViewCell.swift */,
				01AE06F727B9513B0002792E /* MovieDetailCollectionViewCell.xib */,
			);
			path = SimilarMoviesCollectionView;
			sourceTree = "<group>";
		};
		01E1BDE327B82A46003CA19E = {
			isa = PBXGroup;
			children = (
				01E1BDEE27B82A46003CA19E /* MovieDB */,
				6F26F6B6E6E965705C19C72C /* Pods */,
				01E1BDED27B82A46003CA19E /* Products */,
				54A56D021D448DBCFC92670B /* Frameworks */,
			);
			sourceTree = "<group>";
		};
		01E1BDED27B82A46003CA19E /* Products */ = {
			isa = PBXGroup;
			children = (
				01E1BDEC27B82A46003CA19E /* MovieDB.app */,
			);
			name = Products;
			sourceTree = "<group>";
		};
		01E1BDEE27B82A46003CA19E /* MovieDB */ = {
			isa = PBXGroup;
			children = (
				01AE06F527B94C2A0002792E /* Views */,
				01921F6A27B867A70095F049 /* MainScreen */,
				01921F6B27B867B40095F049 /* MovieDetail */,
				01921F6927B867950095F049 /* Helpers */,
				01E1BDEF27B82A46003CA19E /* AppDelegate.swift */,
				01E1BDF127B82A46003CA19E /* SceneDelegate.swift */,
				01E1BE0327B82F6D003CA19E /* WebService.swift */,
				01E1BDF827B82A48003CA19E /* Assets.xcassets */,
				01E1BDFD27B82A48003CA19E /* Info.plist */,
				0183674927BC4DA400D0D948 /* GoogleService-Info.plist */,
			);
			path = MovieDB;
			sourceTree = "<group>";
		};
		54A56D021D448DBCFC92670B /* Frameworks */ = {
			isa = PBXGroup;
			children = (
				86F94B33C6EF117F8DEED264 /* Pods_MovieDB.framework */,
			);
			name = Frameworks;
			sourceTree = "<group>";
		};
		6F26F6B6E6E965705C19C72C /* Pods */ = {
			isa = PBXGroup;
			children = (
				9D49FF99A0B9897651AEB69C /* Pods-MovieDB.debug.xcconfig */,
				7F713C0CBD32400F8D287A62 /* Pods-MovieDB.release.xcconfig */,
			);
			path = Pods;
			sourceTree = "<group>";
		};
/* End PBXGroup section */

/* Begin PBXNativeTarget section */
		01E1BDEB27B82A46003CA19E /* MovieDB */ = {
			isa = PBXNativeTarget;
			buildConfigurationList = 01E1BE0027B82A48003CA19E /* Build configuration list for PBXNativeTarget "MovieDB" */;
			buildPhases = (
				1D199ADAB11D455A5AFEE6F4 /* [CP] Check Pods Manifest.lock */,
				01E1BDE827B82A46003CA19E /* Sources */,
				01E1BDE927B82A46003CA19E /* Frameworks */,
				01E1BDEA27B82A46003CA19E /* Resources */,
				8B893ADBCDCBC5641112FD70 /* [CP] Embed Pods Frameworks */,
			);
			buildRules = (
			);
			dependencies = (
			);
			name = MovieDB;
			productName = MovieDB;
			productReference = 01E1BDEC27B82A46003CA19E /* MovieDB.app */;
			productType = "com.apple.product-type.application";
		};
/* End PBXNativeTarget section */

/* Begin PBXProject section */
		01E1BDE427B82A46003CA19E /* Project object */ = {
			isa = PBXProject;
			attributes = {
				BuildIndependentTargetsInParallel = 1;
				LastSwiftUpdateCheck = 1320;
				LastUpgradeCheck = 1320;
				TargetAttributes = {
					01E1BDEB27B82A46003CA19E = {
						CreatedOnToolsVersion = 13.2.1;
					};
				};
			};
			buildConfigurationList = 01E1BDE727B82A46003CA19E /* Build configuration list for PBXProject "MovieDB" */;
			compatibilityVersion = "Xcode 13.0";
			developmentRegion = en;
			hasScannedForEncodings = 0;
			knownRegions = (
				en,
				Base,
			);
			mainGroup = 01E1BDE327B82A46003CA19E;
			productRefGroup = 01E1BDED27B82A46003CA19E /* Products */;
			projectDirPath = "";
			projectRoot = "";
			targets = (
				01E1BDEB27B82A46003CA19E /* MovieDB */,
			);
		};
/* End PBXProject section */

/* Begin PBXResourcesBuildPhase section */
		01E1BDEA27B82A46003CA19E /* Resources */ = {
			isa = PBXResourcesBuildPhase;
			buildActionMask = 2147483647;
			files = (
				01E1BDFC27B82A48003CA19E /* LaunchScreen.storyboard in Resources */,
				01921F6827B8670C0095F049 /* 33-video-cam.json in Resources */,
				01E1BDF927B82A48003CA19E /* Assets.xcassets in Resources */,
				01E1BDF727B82A46003CA19E /* Main.storyboard in Resources */,
				01AE06F927B9513B0002792E /* MovieDetailCollectionViewCell.xib in Resources */,
				01921F7727B871190095F049 /* MainScreenTableViewCell.xib in Resources */,
				0183674A27BC4DA400D0D948 /* GoogleService-Info.plist in Resources */,
			);
			runOnlyForDeploymentPostprocessing = 0;
		};
/* End PBXResourcesBuildPhase section */

/* Begin PBXShellScriptBuildPhase section */
		1D199ADAB11D455A5AFEE6F4 /* [CP] Check Pods Manifest.lock */ = {
			isa = PBXShellScriptBuildPhase;
			buildActionMask = 2147483647;
			files = (
			);
			inputFileListPaths = (
			);
			inputPaths = (
				"${PODS_PODFILE_DIR_PATH}/Podfile.lock",
				"${PODS_ROOT}/Manifest.lock",
			);
			name = "[CP] Check Pods Manifest.lock";
			outputFileListPaths = (
			);
			outputPaths = (
				"$(DERIVED_FILE_DIR)/Pods-MovieDB-checkManifestLockResult.txt",
			);
			runOnlyForDeploymentPostprocessing = 0;
			shellPath = /bin/sh;
			shellScript = "diff \"${PODS_PODFILE_DIR_PATH}/Podfile.lock\" \"${PODS_ROOT}/Manifest.lock\" > /dev/null\nif [ $? != 0 ] ; then\n    # print error to STDERR\n    echo \"error: The sandbox is not in sync with the Podfile.lock. Run 'pod install' or update your CocoaPods installation.\" >&2\n    exit 1\nfi\n# This output is used by Xcode 'outputs' to avoid re-running this script phase.\necho \"SUCCESS\" > \"${SCRIPT_OUTPUT_FILE_0}\"\n";
			showEnvVarsInLog = 0;
		};
		8B893ADBCDCBC5641112FD70 /* [CP] Embed Pods Frameworks */ = {
			isa = PBXShellScriptBuildPhase;
			buildActionMask = 2147483647;
			files = (
			);
			inputFileListPaths = (
				"${PODS_ROOT}/Target Support Files/Pods-MovieDB/Pods-MovieDB-frameworks-${CONFIGURATION}-input-files.xcfilelist",
			);
			name = "[CP] Embed Pods Frameworks";
			outputFileListPaths = (
				"${PODS_ROOT}/Target Support Files/Pods-MovieDB/Pods-MovieDB-frameworks-${CONFIGURATION}-output-files.xcfilelist",
			);
			runOnlyForDeploymentPostprocessing = 0;
			shellPath = /bin/sh;
			shellScript = "\"${PODS_ROOT}/Target Support Files/Pods-MovieDB/Pods-MovieDB-frameworks.sh\"\n";
			showEnvVarsInLog = 0;
		};
/* End PBXShellScriptBuildPhase section */

/* Begin PBXSourcesBuildPhase section */
		01E1BDE827B82A46003CA19E /* Sources */ = {
			isa = PBXSourcesBuildPhase;
			buildActionMask = 2147483647;
			files = (
				01921F7627B871190095F049 /* MainScreenTableViewCell.swift in Sources */,
				01921F6227B8503C0095F049 /* MovieDetailModel.swift in Sources */,
				01E1BDF027B82A46003CA19E /* AppDelegate.swift in Sources */,
				01921F6627B865D30095F049 /* Extensions.swift in Sources */,
				01E1BE0427B82F6D003CA19E /* WebService.swift in Sources */,
				01921F7327B870690095F049 /* DetailScreenViewModel.swift in Sources */,
				01921F6F27B868300095F049 /* MainScreenViewController.swift in Sources */,
				01921F7127B86FCB0095F049 /* DetailScreenViewController.swift in Sources */,
				01AE06F827B9513B0002792E /* MovieDetailCollectionViewCell.swift in Sources */,
				01921F6D27B867DA0095F049 /* MainScreenViewModel.swift in Sources */,
				01E1BDF227B82A46003CA19E /* SceneDelegate.swift in Sources */,
				01921F6427B865AB0095F049 /* LoadingView.swift in Sources */,
				01E1BE0627B831C2003CA19E /* MainScreenModels.swift in Sources */,
			);
			runOnlyForDeploymentPostprocessing = 0;
		};
/* End PBXSourcesBuildPhase section */

/* Begin PBXVariantGroup section */
		01E1BDF527B82A46003CA19E /* Main.storyboard */ = {
			isa = PBXVariantGroup;
			children = (
				01E1BDF627B82A46003CA19E /* Base */,
			);
			name = Main.storyboard;
			sourceTree = "<group>";
		};
		01E1BDFA27B82A48003CA19E /* LaunchScreen.storyboard */ = {
			isa = PBXVariantGroup;
			children = (
				01E1BDFB27B82A48003CA19E /* Base */,
			);
			name = LaunchScreen.storyboard;
			sourceTree = "<group>";
		};
/* End PBXVariantGroup section */

/* Begin XCBuildConfiguration section */
		01E1BDFE27B82A48003CA19E /* Debug */ = {
			isa = XCBuildConfiguration;
			buildSettings = {
				ALWAYS_SEARCH_USER_PATHS = NO;
				CLANG_ANALYZER_NONNULL = YES;
				CLANG_ANALYZER_NUMBER_OBJECT_CONVERSION = YES_AGGRESSIVE;
				CLANG_CXX_LANGUAGE_STANDARD = "gnu++17";
				CLANG_CXX_LIBRARY = "libc++";
				CLANG_ENABLE_MODULES = YES;
				CLANG_ENABLE_OBJC_ARC = YES;
				CLANG_ENABLE_OBJC_WEAK = YES;
				CLANG_WARN_BLOCK_CAPTURE_AUTORELEASING = YES;
				CLANG_WARN_BOOL_CONVERSION = YES;
				CLANG_WARN_COMMA = YES;
				CLANG_WARN_CONSTANT_CONVERSION = YES;
				CLANG_WARN_DEPRECATED_OBJC_IMPLEMENTATIONS = YES;
				CLANG_WARN_DIRECT_OBJC_ISA_USAGE = YES_ERROR;
				CLANG_WARN_DOCUMENTATION_COMMENTS = YES;
				CLANG_WARN_EMPTY_BODY = YES;
				CLANG_WARN_ENUM_CONVERSION = YES;
				CLANG_WARN_INFINITE_RECURSION = YES;
				CLANG_WARN_INT_CONVERSION = YES;
				CLANG_WARN_NON_LITERAL_NULL_CONVERSION = YES;
				CLANG_WARN_OBJC_IMPLICIT_RETAIN_SELF = YES;
				CLANG_WARN_OBJC_LITERAL_CONVERSION = YES;
				CLANG_WARN_OBJC_ROOT_CLASS = YES_ERROR;
				CLANG_WARN_QUOTED_INCLUDE_IN_FRAMEWORK_HEADER = YES;
				CLANG_WARN_RANGE_LOOP_ANALYSIS = YES;
				CLANG_WARN_STRICT_PROTOTYPES = YES;
				CLANG_WARN_SUSPICIOUS_MOVE = YES;
				CLANG_WARN_UNGUARDED_AVAILABILITY = YES_AGGRESSIVE;
				CLANG_WARN_UNREACHABLE_CODE = YES;
				CLANG_WARN__DUPLICATE_METHOD_MATCH = YES;
				COPY_PHASE_STRIP = NO;
				DEBUG_INFORMATION_FORMAT = dwarf;
				ENABLE_STRICT_OBJC_MSGSEND = YES;
				ENABLE_TESTABILITY = YES;
				GCC_C_LANGUAGE_STANDARD = gnu11;
				GCC_DYNAMIC_NO_PIC = NO;
				GCC_NO_COMMON_BLOCKS = YES;
				GCC_OPTIMIZATION_LEVEL = 0;
				GCC_PREPROCESSOR_DEFINITIONS = (
					"DEBUG=1",
					"$(inherited)",
				);
				GCC_WARN_64_TO_32_BIT_CONVERSION = YES;
				GCC_WARN_ABOUT_RETURN_TYPE = YES_ERROR;
				GCC_WARN_UNDECLARED_SELECTOR = YES;
				GCC_WARN_UNINITIALIZED_AUTOS = YES_AGGRESSIVE;
				GCC_WARN_UNUSED_FUNCTION = YES;
				GCC_WARN_UNUSED_VARIABLE = YES;
				IPHONEOS_DEPLOYMENT_TARGET = 15.2;
				MTL_ENABLE_DEBUG_INFO = INCLUDE_SOURCE;
				MTL_FAST_MATH = YES;
				ONLY_ACTIVE_ARCH = YES;
				SDKROOT = iphoneos;
				SWIFT_ACTIVE_COMPILATION_CONDITIONS = DEBUG;
				SWIFT_OPTIMIZATION_LEVEL = "-Onone";
			};
			name = Debug;
		};
		01E1BDFF27B82A48003CA19E /* Release */ = {
			isa = XCBuildConfiguration;
			buildSettings = {
				ALWAYS_SEARCH_USER_PATHS = NO;
				CLANG_ANALYZER_NONNULL = YES;
				CLANG_ANALYZER_NUMBER_OBJECT_CONVERSION = YES_AGGRESSIVE;
				CLANG_CXX_LANGUAGE_STANDARD = "gnu++17";
				CLANG_CXX_LIBRARY = "libc++";
				CLANG_ENABLE_MODULES = YES;
				CLANG_ENABLE_OBJC_ARC = YES;
				CLANG_ENABLE_OBJC_WEAK = YES;
				CLANG_WARN_BLOCK_CAPTURE_AUTORELEASING = YES;
				CLANG_WARN_BOOL_CONVERSION = YES;
				CLANG_WARN_COMMA = YES;
				CLANG_WARN_CONSTANT_CONVERSION = YES;
				CLANG_WARN_DEPRECATED_OBJC_IMPLEMENTATIONS = YES;
				CLANG_WARN_DIRECT_OBJC_ISA_USAGE = YES_ERROR;
				CLANG_WARN_DOCUMENTATION_COMMENTS = YES;
				CLANG_WARN_EMPTY_BODY = YES;
				CLANG_WARN_ENUM_CONVERSION = YES;
				CLANG_WARN_INFINITE_RECURSION = YES;
				CLANG_WARN_INT_CONVERSION = YES;
				CLANG_WARN_NON_LITERAL_NULL_CONVERSION = YES;
				CLANG_WARN_OBJC_IMPLICIT_RETAIN_SELF = YES;
				CLANG_WARN_OBJC_LITERAL_CONVERSION = YES;
				CLANG_WARN_OBJC_ROOT_CLASS = YES_ERROR;
				CLANG_WARN_QUOTED_INCLUDE_IN_FRAMEWORK_HEADER = YES;
				CLANG_WARN_RANGE_LOOP_ANALYSIS = YES;
				CLANG_WARN_STRICT_PROTOTYPES = YES;
				CLANG_WARN_SUSPICIOUS_MOVE = YES;
				CLANG_WARN_UNGUARDED_AVAILABILITY = YES_AGGRESSIVE;
				CLANG_WARN_UNREACHABLE_CODE = YES;
				CLANG_WARN__DUPLICATE_METHOD_MATCH = YES;
				COPY_PHASE_STRIP = NO;
				DEBUG_INFORMATION_FORMAT = "dwarf-with-dsym";
				ENABLE_NS_ASSERTIONS = NO;
				ENABLE_STRICT_OBJC_MSGSEND = YES;
				GCC_C_LANGUAGE_STANDARD = gnu11;
				GCC_NO_COMMON_BLOCKS = YES;
				GCC_WARN_64_TO_32_BIT_CONVERSION = YES;
				GCC_WARN_ABOUT_RETURN_TYPE = YES_ERROR;
				GCC_WARN_UNDECLARED_SELECTOR = YES;
				GCC_WARN_UNINITIALIZED_AUTOS = YES_AGGRESSIVE;
				GCC_WARN_UNUSED_FUNCTION = YES;
				GCC_WARN_UNUSED_VARIABLE = YES;
				IPHONEOS_DEPLOYMENT_TARGET = 15.2;
				MTL_ENABLE_DEBUG_INFO = NO;
				MTL_FAST_MATH = YES;
				SDKROOT = iphoneos;
				SWIFT_COMPILATION_MODE = wholemodule;
				SWIFT_OPTIMIZATION_LEVEL = "-O";
				VALIDATE_PRODUCT = YES;
			};
			name = Release;
		};
		01E1BE0127B82A48003CA19E /* Debug */ = {
			isa = XCBuildConfiguration;
			baseConfigurationReference = 9D49FF99A0B9897651AEB69C /* Pods-MovieDB.debug.xcconfig */;
			buildSettings = {
				ASSETCATALOG_COMPILER_APPICON_NAME = AppIcon;
				ASSETCATALOG_COMPILER_GLOBAL_ACCENT_COLOR_NAME = AccentColor;
				CODE_SIGN_STYLE = Automatic;
				CURRENT_PROJECT_VERSION = 1;
				DEVELOPMENT_TEAM = V75MVXX5SB;
				GENERATE_INFOPLIST_FILE = YES;
				INFOPLIST_FILE = MovieDB/Info.plist;
				INFOPLIST_KEY_UIApplicationSupportsIndirectInputEvents = YES;
				INFOPLIST_KEY_UILaunchStoryboardName = LaunchScreen;
				INFOPLIST_KEY_UIMainStoryboardFile = Main;
				INFOPLIST_KEY_UISupportedInterfaceOrientations = "UIInterfaceOrientationPortrait UIInterfaceOrientationPortraitUpsideDown";
				INFOPLIST_KEY_UISupportedInterfaceOrientations_iPad = "UIInterfaceOrientationPortrait UIInterfaceOrientationPortraitUpsideDown UIInterfaceOrientationLandscapeLeft UIInterfaceOrientationLandscapeRight";
				INFOPLIST_KEY_UISupportedInterfaceOrientations_iPhone = "UIInterfaceOrientationPortrait UIInterfaceOrientationLandscapeLeft UIInterfaceOrientationLandscapeRight";
				IPHONEOS_DEPLOYMENT_TARGET = 13.0;
				LD_RUNPATH_SEARCH_PATHS = (
					"$(inherited)",
					"@executable_path/Frameworks",
				);
				MARKETING_VERSION = 1.0;
				PRODUCT_BUNDLE_IDENTIFIER = wam.MovieDB;
				PRODUCT_NAME = "$(TARGET_NAME)";
				SWIFT_EMIT_LOC_STRINGS = YES;
				SWIFT_VERSION = 5.0;
				TARGETED_DEVICE_FAMILY = 1;
			};
			name = Debug;
		};
		01E1BE0227B82A48003CA19E /* Release */ = {
			isa = XCBuildConfiguration;
			baseConfigurationReference = 7F713C0CBD32400F8D287A62 /* Pods-MovieDB.release.xcconfig */;
			buildSettings = {
				ASSETCATALOG_COMPILER_APPICON_NAME = AppIcon;
				ASSETCATALOG_COMPILER_GLOBAL_ACCENT_COLOR_NAME = AccentColor;
				CODE_SIGN_STYLE = Automatic;
				CURRENT_PROJECT_VERSION = 1;
				DEVELOPMENT_TEAM = V75MVXX5SB;
				GENERATE_INFOPLIST_FILE = YES;
				INFOPLIST_FILE = MovieDB/Info.plist;
				INFOPLIST_KEY_UIApplicationSupportsIndirectInputEvents = YES;
				INFOPLIST_KEY_UILaunchStoryboardName = LaunchScreen;
				INFOPLIST_KEY_UIMainStoryboardFile = Main;
				INFOPLIST_KEY_UISupportedInterfaceOrientations = "UIInterfaceOrientationPortrait UIInterfaceOrientationPortraitUpsideDown";
				INFOPLIST_KEY_UISupportedInterfaceOrientations_iPad = "UIInterfaceOrientationPortrait UIInterfaceOrientationPortraitUpsideDown UIInterfaceOrientationLandscapeLeft UIInterfaceOrientationLandscapeRight";
				INFOPLIST_KEY_UISupportedInterfaceOrientations_iPhone = "UIInterfaceOrientationPortrait UIInterfaceOrientationLandscapeLeft UIInterfaceOrientationLandscapeRight";
				IPHONEOS_DEPLOYMENT_TARGET = 13.0;
				LD_RUNPATH_SEARCH_PATHS = (
					"$(inherited)",
					"@executable_path/Frameworks",
				);
				MARKETING_VERSION = 1.0;
				PRODUCT_BUNDLE_IDENTIFIER = wam.MovieDB;
				PRODUCT_NAME = "$(TARGET_NAME)";
				SWIFT_EMIT_LOC_STRINGS = YES;
				SWIFT_VERSION = 5.0;
				TARGETED_DEVICE_FAMILY = 1;
			};
			name = Release;
		};
/* End XCBuildConfiguration section */

/* Begin XCConfigurationList section */
		01E1BDE727B82A46003CA19E /* Build configuration list for PBXProject "MovieDB" */ = {
			isa = XCConfigurationList;
			buildConfigurations = (
				01E1BDFE27B82A48003CA19E /* Debug */,
				01E1BDFF27B82A48003CA19E /* Release */,
			);
			defaultConfigurationIsVisible = 0;
			defaultConfigurationName = Release;
		};
		01E1BE0027B82A48003CA19E /* Build configuration list for PBXNativeTarget "MovieDB" */ = {
			isa = XCConfigurationList;
			buildConfigurations = (
				01E1BE0127B82A48003CA19E /* Debug */,
				01E1BE0227B82A48003CA19E /* Release */,
			);
			defaultConfigurationIsVisible = 0;
			defaultConfigurationName = Release;
		};
/* End XCConfigurationList section */
	};
	rootObject = 01E1BDE427B82A46003CA19E /* Project object */;
}
